
Microsoft Visual Studio Solution File, Format Version 12.00
# Visual Studio Version 16
VisualStudioVersion = 16.0.30717.126
MinimumVisualStudioVersion = 10.0.40219.1
Project("{9A19103F-16F7-4668-BE54-9A1E7A4F7556}") = "KampIntro", "KampIntro\KampIntro.csproj", "{F2397646-C702-461D-8EF0-FFA66F82425E}"
EndProject
Project("{9A19103F-16F7-4668-BE54-9A1E7A4F7556}") = "Donguler", "Donguler\Donguler.csproj", "{FA5453D0-99BD-4191-9BB7-82E0659FFC47}"
EndProject
Project("{9A19103F-16F7-4668-BE54-9A1E7A4F7556}") = "ClassIntro", "ClassIntro\ClassIntro.csproj", "{13DECAE1-9992-4A03-9226-73A11E3E7B94}"
EndProject
Project("{9A19103F-16F7-4668-BE54-9A1E7A4F7556}") = "Metotlar", "Metotlar\Metotlar.csproj", "{662BA703-E7EF-4BE2-A471-FC2B23FE19F0}"
EndProject
Project("{9A19103F-16F7-4668-BE54-9A1E7A4F7556}") = "Matematik", "Matematik\Matematik.csproj", "{4FA11182-453A-47B7-B6AE-FDF633B4B2BD}"
EndProject
Project("{9A19103F-16F7-4668-BE54-9A1E7A4F7556}") = "DegerveReferensTipler", "DegerveReferensTipler\DegerveReferensTipler.csproj", "{2E0B1F9C-35EA-4C90-9396-A0EACAB19D7A}"
EndProject
Project("{9A19103F-16F7-4668-BE54-9A1E7A4F7556}") = "OOP2", "OOP2\OOP2.csproj", "{94B009B3-8E1F-4AF8-880E-7DC8160D25F2}"
EndProject
Project("{9A19103F-16F7-4668-BE54-9A1E7A4F7556}") = "OOP3", "OOP3\OOP3.csproj", "{8CF45344-1268-4907-B2CD-DEBDBEDF59E2}"
EndProject
Project("{FAE04EC0-301F-11D3-BF4B-00C04F79EFBC}") = "OOP1", "OOP1\OOP1.csproj", "{BCA89FC2-485A-41C3-A631-C5C6FF813A9E}"
EndProject
Project("{FAE04EC0-301F-11D3-BF4B-00C04F79EFBC}") = "Koleksiyonlar", "Koleksiyonlar\Koleksiyonlar.csproj", "{5974AFD5-1600-4568-8148-9BA4D630552F}"
EndProject
Project("{FAE04EC0-301F-11D3-BF4B-00C04F79EFBC}") = "GenericsIntro", "GenericsIntro\GenericsIntro.csproj", "{D425D197-912D-4E98-8F3B-8C1466C4C515}"
EndProject
Global
	GlobalSection(SolutionConfigurationPlatforms) = preSolution
		Debug|Any CPU = Debug|Any CPU
		Release|Any CPU = Release|Any CPU
	EndGlobalSection
	GlobalSection(ProjectConfigurationPlatforms) = postSolution
		{F2397646-C702-461D-8EF0-FFA66F82425E}.Debug|Any CPU.ActiveCfg = Debug|Any CPU
		{F2397646-C702-461D-8EF0-FFA66F82425E}.Debug|Any CPU.Build.0 = Debug|Any CPU
		{F2397646-C702-461D-8EF0-FFA66F82425E}.Release|Any CPU.ActiveCfg = Release|Any CPU
		{F2397646-C702-461D-8EF0-FFA66F82425E}.Release|Any CPU.Build.0 = Release|Any CPU
		{FA5453D0-99BD-4191-9BB7-82E0659FFC47}.Debug|Any CPU.ActiveCfg = Debug|Any CPU
		{FA5453D0-99BD-4191-9BB7-82E0659FFC47}.Debug|Any CPU.Build.0 = Debug|Any CPU
		{FA5453D0-99BD-4191-9BB7-82E0659FFC47}.Release|Any CPU.ActiveCfg = Release|Any CPU
		{FA5453D0-99BD-4191-9BB7-82E0659FFC47}.Release|Any CPU.Build.0 = Release|Any CPU
		{13DECAE1-9992-4A03-9226-73A11E3E7B94}.Debug|Any CPU.ActiveCfg = Debug|Any CPU
		{13DECAE1-9992-4A03-9226-73A11E3E7B94}.Debug|Any CPU.Build.0 = Debug|Any CPU
		{13DECAE1-9992-4A03-9226-73A11E3E7B94}.Release|Any CPU.ActiveCfg = Release|Any CPU
		{13DECAE1-9992-4A03-9226-73A11E3E7B94}.Release|Any CPU.Build.0 = Release|Any CPU
		{662BA703-E7EF-4BE2-A471-FC2B23FE19F0}.Debug|Any CPU.ActiveCfg = Debug|Any CPU
		{662BA703-E7EF-4BE2-A471-FC2B23FE19F0}.Debug|Any CPU.Build.0 = Debug|Any CPU
		{662BA703-E7EF-4BE2-A471-FC2B23FE19F0}.Release|Any CPU.ActiveCfg = Release|Any CPU
		{662BA703-E7EF-4BE2-A471-FC2B23FE19F0}.Release|Any CPU.Build.0 = Release|Any CPU
		{4FA11182-453A-47B7-B6AE-FDF633B4B2BD}.Debug|Any CPU.ActiveCfg = Debug|Any CPU
		{4FA11182-453A-47B7-B6AE-FDF633B4B2BD}.Debug|Any CPU.Build.0 = Debug|Any CPU
		{4FA11182-453A-47B7-B6AE-FDF633B4B2BD}.Release|Any CPU.ActiveCfg = Release|Any CPU
		{4FA11182-453A-47B7-B6AE-FDF633B4B2BD}.Release|Any CPU.Build.0 = Release|Any CPU
		{2E0B1F9C-35EA-4C90-9396-A0EACAB19D7A}.Debug|Any CPU.ActiveCfg = Debug|Any CPU
		{2E0B1F9C-35EA-4C90-9396-A0EACAB19D7A}.Debug|Any CPU.Build.0 = Debug|Any CPU
		{2E0B1F9C-35EA-4C90-9396-A0EACAB19D7A}.Release|Any CPU.ActiveCfg = Release|Any CPU
		{2E0B1F9C-35EA-4C90-9396-A0EACAB19D7A}.Release|Any CPU.Build.0 = Release|Any CPU
		{94B009B3-8E1F-4AF8-880E-7DC8160D25F2}.Debug|Any CPU.ActiveCfg = Debug|Any CPU
		{94B009B3-8E1F-4AF8-880E-7DC8160D25F2}.Debug|Any CPU.Build.0 = Debug|Any CPU
		{94B009B3-8E1F-4AF8-880E-7DC8160D25F2}.Release|Any CPU.ActiveCfg = Release|Any CPU
		{94B009B3-8E1F-4AF8-880E-7DC8160D25F2}.Release|Any CPU.Build.0 = Release|Any CPU
		{8CF45344-1268-4907-B2CD-DEBDBEDF59E2}.Debug|Any CPU.ActiveCfg = Debug|Any CPU
		{8CF45344-1268-4907-B2CD-DEBDBEDF59E2}.Debug|Any CPU.Build.0 = Debug|Any CPU
		{8CF45344-1268-4907-B2CD-DEBDBEDF59E2}.Release|Any CPU.ActiveCfg = Release|Any CPU
		{8CF45344-1268-4907-B2CD-DEBDBEDF59E2}.Release|Any CPU.Build.0 = Release|Any CPU
		{BCA89FC2-485A-41C3-A631-C5C6FF813A9E}.Debug|Any CPU.ActiveCfg = Debug|Any CPU
		{BCA89FC2-485A-41C3-A631-C5C6FF813A9E}.Debug|Any CPU.Build.0 = Debug|Any CPU
		{BCA89FC2-485A-41C3-A631-C5C6FF813A9E}.Release|Any CPU.ActiveCfg = Release|Any CPU
		{BCA89FC2-485A-41C3-A631-C5C6FF813A9E}.Release|Any CPU.Build.0 = Release|Any CPU
		{5974AFD5-1600-4568-8148-9BA4D630552F}.Debug|Any CPU.ActiveCfg = Debug|Any CPU
		{5974AFD5-1600-4568-8148-9BA4D630552F}.Debug|Any CPU.Build.0 = Debug|Any CPU
		{5974AFD5-1600-4568-8148-9BA4D630552F}.Release|Any CPU.ActiveCfg = Release|Any CPU
		{5974AFD5-1600-4568-8148-9BA4D630552F}.Release|Any CPU.Build.0 = Release|Any CPU
		{D425D197-912D-4E98-8F3B-8C1466C4C515}.Debug|Any CPU.ActiveCfg = Debug|Any CPU
		{D425D197-912D-4E98-8F3B-8C1466C4C515}.Debug|Any CPU.Build.0 = Debug|Any CPU
		{D425D197-912D-4E98-8F3B-8C1466C4C515}.Release|Any CPU.ActiveCfg = Release|Any CPU
		{D425D197-912D-4E98-8F3B-8C1466C4C515}.Release|Any CPU.Build.0 = Release|Any CPU
	EndGlobalSection
	GlobalSection(SolutionProperties) = preSolution
		HideSolutionNode = FALSE
	EndGlobalSection
	GlobalSection(ExtensibilityGlobals) = postSolution
		SolutionGuid = {7FB5CE11-AF85-4DF8-AF99-E39F8D4941C4}
	EndGlobalSection
EndGlobal
